
Microsoft Visual Studio Solution File, Format Version 12.00
# Visual Studio Version 17
VisualStudioVersion = 17.0.31410.414
MinimumVisualStudioVersion = 10.0.40219.1
Project("{2150E333-8FDC-42A3-9474-1A3956D46DE8}") = "005 Core", "005 Core", "{F31C3DFD-1D19-4BEA-80F4-D51A0D399AB0}"
EndProject
Project("{9A19103F-16F7-4668-BE54-9A1E7A4F7556}") = "HZY.Framework", "HZY.Framework\HZY.Framework.csproj", "{073A0F39-192E-46E8-9CB3-5632340E52C9}"
EndProject
Project("{9A19103F-16F7-4668-BE54-9A1E7A4F7556}") = "HZY.Repository", "HZY.Repository\HZY.Repository.csproj", "{506BFD34-EF2A-490C-9D00-FDF3D651D5A4}"
EndProject
Project("{2150E333-8FDC-42A3-9474-1A3956D46DE8}") = "002 Repository", "002 Repository", "{73D05A6D-E354-4F2B-B1DA-578980F51B64}"
EndProject
Project("{9A19103F-16F7-4668-BE54-9A1E7A4F7556}") = "HZY.Common", "HZY.Common\HZY.Common.csproj", "{3DCDEA3E-97A3-4DB3-BB8A-64E5CD51A163}"
EndProject
Project("{9A19103F-16F7-4668-BE54-9A1E7A4F7556}") = "HZY.Repository.Redis", "HZY.Repository.Redis\HZY.Repository.Redis.csproj", "{435AF01C-3E7F-450D-861D-81D6777FA95C}"
EndProject
Project("{2150E333-8FDC-42A3-9474-1A3956D46DE8}") = "001 Model", "001 Model", "{110EF5A8-A9AF-4A33-A894-72C6ED5A9124}"
EndProject
Project("{9A19103F-16F7-4668-BE54-9A1E7A4F7556}") = "HZY.Model", "HZY.Model\HZY.Model.csproj", "{5E786471-1024-40BC-9930-7DA10D505E2D}"
EndProject
Project("{2150E333-8FDC-42A3-9474-1A3956D46DE8}") = "004 Controller", "004 Controller", "{94293AD8-261C-41A7-B3C6-8F57B80B0FD1}"
EndProject
Project("{2150E333-8FDC-42A3-9474-1A3956D46DE8}") = "003 Service", "003 Service", "{6D5D80D6-0AB6-40AE-B0E7-B3952AB5377E}"
EndProject
Project("{9A19103F-16F7-4668-BE54-9A1E7A4F7556}") = "HZY.WebHost", "HZY.WebHost\HZY.WebHost.csproj", "{BE6E1B44-A3D9-40DA-979D-B9A3506C4C71}"
EndProject
Project("{9A19103F-16F7-4668-BE54-9A1E7A4F7556}") = "HZY.Controllers", "HZY.Controllers\HZY.Controllers.csproj", "{3B485E11-8A3A-4A60-B2E7-8DE36E4BA5E4}"
EndProject
Project("{9A19103F-16F7-4668-BE54-9A1E7A4F7556}") = "HZY.Controllers.Admin", "HZY.Controllers.Admin\HZY.Controllers.Admin.csproj", "{30004D8C-D806-4404-8A13-64487E3CD36D}"
EndProject
Project("{9A19103F-16F7-4668-BE54-9A1E7A4F7556}") = "HZY.Services", "HZY.Services\HZY.Services.csproj", "{65DAE144-6923-4CD3-81B1-83A202FB113B}"
EndProject
Project("{9A19103F-16F7-4668-BE54-9A1E7A4F7556}") = "HZY.Services.Admin", "HZY.Services.Admin\HZY.Services.Admin.csproj", "{171CF68C-939C-43E8-BEBD-241E1BAB7B40}"
EndProject
Project("{9A19103F-16F7-4668-BE54-9A1E7A4F7556}") = "HZY.EntityFrameworkCorePlus", "HZY.EntityFrameworkCorePlus\HZY.EntityFrameworkCorePlus.csproj", "{18FE3399-62A3-42DE-987A-31C11BB3C809}"
EndProject
Project("{9A19103F-16F7-4668-BE54-9A1E7A4F7556}") = "HZY.Controllers.App", "HZY.Controllers.App\HZY.Controllers.App.csproj", "{ABD8C21D-5EA8-4F0D-A9B5-E813F32EE566}"
EndProject
Global
	GlobalSection(SolutionConfigurationPlatforms) = preSolution
		Debug|Any CPU = Debug|Any CPU
		Release|Any CPU = Release|Any CPU
	EndGlobalSection
	GlobalSection(ProjectConfigurationPlatforms) = postSolution
		{073A0F39-192E-46E8-9CB3-5632340E52C9}.Debug|Any CPU.ActiveCfg = Debug|Any CPU
		{073A0F39-192E-46E8-9CB3-5632340E52C9}.Debug|Any CPU.Build.0 = Debug|Any CPU
		{073A0F39-192E-46E8-9CB3-5632340E52C9}.Release|Any CPU.ActiveCfg = Release|Any CPU
		{073A0F39-192E-46E8-9CB3-5632340E52C9}.Release|Any CPU.Build.0 = Release|Any CPU
		{506BFD34-EF2A-490C-9D00-FDF3D651D5A4}.Debug|Any CPU.ActiveCfg = Debug|Any CPU
		{506BFD34-EF2A-490C-9D00-FDF3D651D5A4}.Debug|Any CPU.Build.0 = Debug|Any CPU
		{506BFD34-EF2A-490C-9D00-FDF3D651D5A4}.Release|Any CPU.ActiveCfg = Release|Any CPU
		{506BFD34-EF2A-490C-9D00-FDF3D651D5A4}.Release|Any CPU.Build.0 = Release|Any CPU
		{3DCDEA3E-97A3-4DB3-BB8A-64E5CD51A163}.Debug|Any CPU.ActiveCfg = Debug|Any CPU
		{3DCDEA3E-97A3-4DB3-BB8A-64E5CD51A163}.Debug|Any CPU.Build.0 = Debug|Any CPU
		{3DCDEA3E-97A3-4DB3-BB8A-64E5CD51A163}.Release|Any CPU.ActiveCfg = Release|Any CPU
		{3DCDEA3E-97A3-4DB3-BB8A-64E5CD51A163}.Release|Any CPU.Build.0 = Release|Any CPU
		{435AF01C-3E7F-450D-861D-81D6777FA95C}.Debug|Any CPU.ActiveCfg = Debug|Any CPU
		{435AF01C-3E7F-450D-861D-81D6777FA95C}.Debug|Any CPU.Build.0 = Debug|Any CPU
		{435AF01C-3E7F-450D-861D-81D6777FA95C}.Release|Any CPU.ActiveCfg = Release|Any CPU
		{435AF01C-3E7F-450D-861D-81D6777FA95C}.Release|Any CPU.Build.0 = Release|Any CPU
		{5E786471-1024-40BC-9930-7DA10D505E2D}.Debug|Any CPU.ActiveCfg = Debug|Any CPU
		{5E786471-1024-40BC-9930-7DA10D505E2D}.Debug|Any CPU.Build.0 = Debug|Any CPU
		{5E786471-1024-40BC-9930-7DA10D505E2D}.Release|Any CPU.ActiveCfg = Release|Any CPU
		{5E786471-1024-40BC-9930-7DA10D505E2D}.Release|Any CPU.Build.0 = Release|Any CPU
		{BE6E1B44-A3D9-40DA-979D-B9A3506C4C71}.Debug|Any CPU.ActiveCfg = Debug|Any CPU
		{BE6E1B44-A3D9-40DA-979D-B9A3506C4C71}.Debug|Any CPU.Build.0 = Debug|Any CPU
		{BE6E1B44-A3D9-40DA-979D-B9A3506C4C71}.Release|Any CPU.ActiveCfg = Release|Any CPU
		{BE6E1B44-A3D9-40DA-979D-B9A3506C4C71}.Release|Any CPU.Build.0 = Release|Any CPU
		{3B485E11-8A3A-4A60-B2E7-8DE36E4BA5E4}.Debug|Any CPU.ActiveCfg = Debug|Any CPU
		{3B485E11-8A3A-4A60-B2E7-8DE36E4BA5E4}.Debug|Any CPU.Build.0 = Debug|Any CPU
		{3B485E11-8A3A-4A60-B2E7-8DE36E4BA5E4}.Release|Any CPU.ActiveCfg = Release|Any CPU
		{3B485E11-8A3A-4A60-B2E7-8DE36E4BA5E4}.Release|Any CPU.Build.0 = Release|Any CPU
		{30004D8C-D806-4404-8A13-64487E3CD36D}.Debug|Any CPU.ActiveCfg = Debug|Any CPU
		{30004D8C-D806-4404-8A13-64487E3CD36D}.Debug|Any CPU.Build.0 = Debug|Any CPU
		{30004D8C-D806-4404-8A13-64487E3CD36D}.Release|Any CPU.ActiveCfg = Release|Any CPU
		{30004D8C-D806-4404-8A13-64487E3CD36D}.Release|Any CPU.Build.0 = Release|Any CPU
		{65DAE144-6923-4CD3-81B1-83A202FB113B}.Debug|Any CPU.ActiveCfg = Debug|Any CPU
		{65DAE144-6923-4CD3-81B1-83A202FB113B}.Debug|Any CPU.Build.0 = Debug|Any CPU
		{65DAE144-6923-4CD3-81B1-83A202FB113B}.Release|Any CPU.ActiveCfg = Release|Any CPU
		{65DAE144-6923-4CD3-81B1-83A202FB113B}.Release|Any CPU.Build.0 = Release|Any CPU
		{171CF68C-939C-43E8-BEBD-241E1BAB7B40}.Debug|Any CPU.ActiveCfg = Debug|Any CPU
		{171CF68C-939C-43E8-BEBD-241E1BAB7B40}.Debug|Any CPU.Build.0 = Debug|Any CPU
		{171CF68C-939C-43E8-BEBD-241E1BAB7B40}.Release|Any CPU.ActiveCfg = Release|Any CPU
		{171CF68C-939C-43E8-BEBD-241E1BAB7B40}.Release|Any CPU.Build.0 = Release|Any CPU
		{18FE3399-62A3-42DE-987A-31C11BB3C809}.Debug|Any CPU.ActiveCfg = Debug|Any CPU
		{18FE3399-62A3-42DE-987A-31C11BB3C809}.Debug|Any CPU.Build.0 = Debug|Any CPU
		{18FE3399-62A3-42DE-987A-31C11BB3C809}.Release|Any CPU.ActiveCfg = Release|Any CPU
		{18FE3399-62A3-42DE-987A-31C11BB3C809}.Release|Any CPU.Build.0 = Release|Any CPU
		{ABD8C21D-5EA8-4F0D-A9B5-E813F32EE566}.Debug|Any CPU.ActiveCfg = Debug|Any CPU
		{ABD8C21D-5EA8-4F0D-A9B5-E813F32EE566}.Debug|Any CPU.Build.0 = Debug|Any CPU
		{ABD8C21D-5EA8-4F0D-A9B5-E813F32EE566}.Release|Any CPU.ActiveCfg = Release|Any CPU
		{ABD8C21D-5EA8-4F0D-A9B5-E813F32EE566}.Release|Any CPU.Build.0 = Release|Any CPU
	EndGlobalSection
	GlobalSection(SolutionProperties) = preSolution
		HideSolutionNode = FALSE
	EndGlobalSection
	GlobalSection(NestedProjects) = preSolution
		{073A0F39-192E-46E8-9CB3-5632340E52C9} = {F31C3DFD-1D19-4BEA-80F4-D51A0D399AB0}
		{506BFD34-EF2A-490C-9D00-FDF3D651D5A4} = {73D05A6D-E354-4F2B-B1DA-578980F51B64}
		{3DCDEA3E-97A3-4DB3-BB8A-64E5CD51A163} = {F31C3DFD-1D19-4BEA-80F4-D51A0D399AB0}
		{435AF01C-3E7F-450D-861D-81D6777FA95C} = {73D05A6D-E354-4F2B-B1DA-578980F51B64}
		{5E786471-1024-40BC-9930-7DA10D505E2D} = {110EF5A8-A9AF-4A33-A894-72C6ED5A9124}
		{3B485E11-8A3A-4A60-B2E7-8DE36E4BA5E4} = {94293AD8-261C-41A7-B3C6-8F57B80B0FD1}
		{30004D8C-D806-4404-8A13-64487E3CD36D} = {94293AD8-261C-41A7-B3C6-8F57B80B0FD1}
		{65DAE144-6923-4CD3-81B1-83A202FB113B} = {6D5D80D6-0AB6-40AE-B0E7-B3952AB5377E}
		{171CF68C-939C-43E8-BEBD-241E1BAB7B40} = {6D5D80D6-0AB6-40AE-B0E7-B3952AB5377E}
		{18FE3399-62A3-42DE-987A-31C11BB3C809} = {F31C3DFD-1D19-4BEA-80F4-D51A0D399AB0}
		{ABD8C21D-5EA8-4F0D-A9B5-E813F32EE566} = {94293AD8-261C-41A7-B3C6-8F57B80B0FD1}
	EndGlobalSection
	GlobalSection(ExtensibilityGlobals) = postSolution
		SolutionGuid = {669156B2-7BC4-4980-AC66-21A6D5FCBD35}
	EndGlobalSection
EndGlobal
