
Microsoft Visual Studio Solution File, Format Version 12.00
# Visual Studio Version 16
VisualStudioVersion = 16.0.30717.126
MinimumVisualStudioVersion = 10.0.40219.1
Project("{9A19103F-16F7-4668-BE54-9A1E7A4F7556}") = "HZY.Admin", "HZY.Admin\HZY.Admin.csproj", "{E37402D7-77A1-4C96-BFD3-61ED1FC6B8A3}"
EndProject
Project("{2150E333-8FDC-42A3-9474-1A3956D46DE8}") = "001 Admin", "001 Admin", "{F31C3DFD-1D19-4BEA-80F4-D51A0D399AB0}"
EndProject
Project("{9A19103F-16F7-4668-BE54-9A1E7A4F7556}") = "HZY.Framework", "HZY.Framework\HZY.Framework.csproj", "{073A0F39-192E-46E8-9CB3-5632340E52C9}"
EndProject
Project("{9A19103F-16F7-4668-BE54-9A1E7A4F7556}") = "HZY.Repository", "HZY.Repository\HZY.Repository.csproj", "{506BFD34-EF2A-490C-9D00-FDF3D651D5A4}"
EndProject
Project("{2150E333-8FDC-42A3-9474-1A3956D46DE8}") = "002 Repository", "002 Repository", "{73D05A6D-E354-4F2B-B1DA-578980F51B64}"
EndProject
Project("{2150E333-8FDC-42A3-9474-1A3956D46DE8}") = "003 公共库", "003 公共库", "{62AB4B1B-8AAD-430C-87AD-EB79A3D4B4B3}"
EndProject
Project("{2150E333-8FDC-42A3-9474-1A3956D46DE8}") = "100 系统框架", "100 系统框架", "{E1F1C2C0-DF37-4627-B618-64456591374F}"
EndProject
Project("{9A19103F-16F7-4668-BE54-9A1E7A4F7556}") = "HZY.Admin.Services", "HZY.Admin.Services\HZY.Admin.Services.csproj", "{86C5D535-17F1-4B01-B1A0-0878B55E5C2C}"
EndProject
Project("{9A19103F-16F7-4668-BE54-9A1E7A4F7556}") = "HZY.Common", "HZY.Common\HZY.Common.csproj", "{3DCDEA3E-97A3-4DB3-BB8A-64E5CD51A163}"
EndProject
Project("{9A19103F-16F7-4668-BE54-9A1E7A4F7556}") = "HZY.Repository.Redis", "HZY.Repository.Redis\HZY.Repository.Redis.csproj", "{435AF01C-3E7F-450D-861D-81D6777FA95C}"
EndProject
Project("{FAE04EC0-301F-11D3-BF4B-00C04F79EFBC}") = "HZY.Repository.Domain", "HZY.Repository.Domain\HZY.Repository.Domain.csproj", "{7CDFAA54-5EB5-4EDF-8396-642A9EC5D04E}"
EndProject
Global
	GlobalSection(SolutionConfigurationPlatforms) = preSolution
		Debug|Any CPU = Debug|Any CPU
		Release|Any CPU = Release|Any CPU
	EndGlobalSection
	GlobalSection(ProjectConfigurationPlatforms) = postSolution
		{E37402D7-77A1-4C96-BFD3-61ED1FC6B8A3}.Debug|Any CPU.ActiveCfg = Debug|Any CPU
		{E37402D7-77A1-4C96-BFD3-61ED1FC6B8A3}.Debug|Any CPU.Build.0 = Debug|Any CPU
		{E37402D7-77A1-4C96-BFD3-61ED1FC6B8A3}.Release|Any CPU.ActiveCfg = Release|Any CPU
		{E37402D7-77A1-4C96-BFD3-61ED1FC6B8A3}.Release|Any CPU.Build.0 = Release|Any CPU
		{073A0F39-192E-46E8-9CB3-5632340E52C9}.Debug|Any CPU.ActiveCfg = Debug|Any CPU
		{073A0F39-192E-46E8-9CB3-5632340E52C9}.Debug|Any CPU.Build.0 = Debug|Any CPU
		{073A0F39-192E-46E8-9CB3-5632340E52C9}.Release|Any CPU.ActiveCfg = Release|Any CPU
		{073A0F39-192E-46E8-9CB3-5632340E52C9}.Release|Any CPU.Build.0 = Release|Any CPU
		{506BFD34-EF2A-490C-9D00-FDF3D651D5A4}.Debug|Any CPU.ActiveCfg = Debug|Any CPU
		{506BFD34-EF2A-490C-9D00-FDF3D651D5A4}.Debug|Any CPU.Build.0 = Debug|Any CPU
		{506BFD34-EF2A-490C-9D00-FDF3D651D5A4}.Release|Any CPU.ActiveCfg = Release|Any CPU
		{506BFD34-EF2A-490C-9D00-FDF3D651D5A4}.Release|Any CPU.Build.0 = Release|Any CPU
		{86C5D535-17F1-4B01-B1A0-0878B55E5C2C}.Debug|Any CPU.ActiveCfg = Debug|Any CPU
		{86C5D535-17F1-4B01-B1A0-0878B55E5C2C}.Debug|Any CPU.Build.0 = Debug|Any CPU
		{86C5D535-17F1-4B01-B1A0-0878B55E5C2C}.Release|Any CPU.ActiveCfg = Release|Any CPU
		{86C5D535-17F1-4B01-B1A0-0878B55E5C2C}.Release|Any CPU.Build.0 = Release|Any CPU
		{3DCDEA3E-97A3-4DB3-BB8A-64E5CD51A163}.Debug|Any CPU.ActiveCfg = Debug|Any CPU
		{3DCDEA3E-97A3-4DB3-BB8A-64E5CD51A163}.Debug|Any CPU.Build.0 = Debug|Any CPU
		{3DCDEA3E-97A3-4DB3-BB8A-64E5CD51A163}.Release|Any CPU.ActiveCfg = Release|Any CPU
		{3DCDEA3E-97A3-4DB3-BB8A-64E5CD51A163}.Release|Any CPU.Build.0 = Release|Any CPU
		{435AF01C-3E7F-450D-861D-81D6777FA95C}.Debug|Any CPU.ActiveCfg = Debug|Any CPU
		{435AF01C-3E7F-450D-861D-81D6777FA95C}.Debug|Any CPU.Build.0 = Debug|Any CPU
		{435AF01C-3E7F-450D-861D-81D6777FA95C}.Release|Any CPU.ActiveCfg = Release|Any CPU
		{435AF01C-3E7F-450D-861D-81D6777FA95C}.Release|Any CPU.Build.0 = Release|Any CPU
		{7CDFAA54-5EB5-4EDF-8396-642A9EC5D04E}.Debug|Any CPU.ActiveCfg = Debug|Any CPU
		{7CDFAA54-5EB5-4EDF-8396-642A9EC5D04E}.Debug|Any CPU.Build.0 = Debug|Any CPU
		{7CDFAA54-5EB5-4EDF-8396-642A9EC5D04E}.Release|Any CPU.ActiveCfg = Release|Any CPU
		{7CDFAA54-5EB5-4EDF-8396-642A9EC5D04E}.Release|Any CPU.Build.0 = Release|Any CPU
	EndGlobalSection
	GlobalSection(SolutionProperties) = preSolution
		HideSolutionNode = FALSE
	EndGlobalSection
	GlobalSection(NestedProjects) = preSolution
		{E37402D7-77A1-4C96-BFD3-61ED1FC6B8A3} = {F31C3DFD-1D19-4BEA-80F4-D51A0D399AB0}
		{073A0F39-192E-46E8-9CB3-5632340E52C9} = {E1F1C2C0-DF37-4627-B618-64456591374F}
		{506BFD34-EF2A-490C-9D00-FDF3D651D5A4} = {73D05A6D-E354-4F2B-B1DA-578980F51B64}
		{86C5D535-17F1-4B01-B1A0-0878B55E5C2C} = {F31C3DFD-1D19-4BEA-80F4-D51A0D399AB0}
		{3DCDEA3E-97A3-4DB3-BB8A-64E5CD51A163} = {62AB4B1B-8AAD-430C-87AD-EB79A3D4B4B3}
		{435AF01C-3E7F-450D-861D-81D6777FA95C} = {73D05A6D-E354-4F2B-B1DA-578980F51B64}
		{7CDFAA54-5EB5-4EDF-8396-642A9EC5D04E} = {73D05A6D-E354-4F2B-B1DA-578980F51B64}
	EndGlobalSection
	GlobalSection(ExtensibilityGlobals) = postSolution
		SolutionGuid = {669156B2-7BC4-4980-AC66-21A6D5FCBD35}
	EndGlobalSection
EndGlobal
