
Microsoft Visual Studio Solution File, Format Version 12.00
# Visual Studio Version 17
VisualStudioVersion = 17.0.31612.314
MinimumVisualStudioVersion = 10.0.40219.1
Project("{9A19103F-16F7-4668-BE54-9A1E7A4F7556}") = "HZY.WebHost", "HZY.WebHost\HZY.WebHost.csproj", "{92CB459E-F731-46B3-B051-CDDB1DAFB784}"
EndProject
Project("{9A19103F-16F7-4668-BE54-9A1E7A4F7556}") = "HZY.Controllers.Admin", "HZY.Controllers.Admin\HZY.Controllers.Admin.csproj", "{61268CFF-7A3D-432A-A354-AF7057199A38}"
EndProject
Project("{9A19103F-16F7-4668-BE54-9A1E7A4F7556}") = "HZY.Controllers.App", "HZY.Controllers.App\HZY.Controllers.App.csproj", "{4C059F7A-B163-4F4E-BA2F-5EAB3CD7D176}"
EndProject
Project("{9A19103F-16F7-4668-BE54-9A1E7A4F7556}") = "HZY.EFCore", "HZY.EFCore\HZY.EFCore.csproj", "{36CA73A0-FD48-4F6E-948B-7ADEDB5661FD}"
EndProject
Project("{9A19103F-16F7-4668-BE54-9A1E7A4F7556}") = "HZY.FreeSqlCore", "HZY.FreeSqlCore\HZY.FreeSqlCore.csproj", "{511D2937-BF2F-4A27-BB47-651C6D17B696}"
EndProject
Project("{9A19103F-16F7-4668-BE54-9A1E7A4F7556}") = "HZY.Infrastructure", "HZY.Infrastructure\HZY.Infrastructure.csproj", "{BBD34F58-B882-491A-9F86-6B82C81D14B7}"
EndProject
Project("{9A19103F-16F7-4668-BE54-9A1E7A4F7556}") = "HZY.Models", "HZY.Models\HZY.Models.csproj", "{6080D381-1BF2-466D-B9B8-E219ADB7A653}"
EndProject
Project("{9A19103F-16F7-4668-BE54-9A1E7A4F7556}") = "HZY.Repositories", "HZY.Repositories\HZY.Repositories.csproj", "{055B494A-FD03-4E15-8C8C-66F8A30FBB23}"
EndProject
Project("{9A19103F-16F7-4668-BE54-9A1E7A4F7556}") = "HZY.Repositories.Redis", "HZY.Repositories.Redis\HZY.Repositories.Redis.csproj", "{22F61C61-7058-4E46-84F2-B9051BF43301}"
EndProject
Project("{9A19103F-16F7-4668-BE54-9A1E7A4F7556}") = "HZY.Services", "HZY.Services\HZY.Services.csproj", "{75115D8B-54E2-438B-9BC5-0D2D67734D18}"
EndProject
Project("{9A19103F-16F7-4668-BE54-9A1E7A4F7556}") = "HZY.Services.Admin", "HZY.Services.Admin\HZY.Services.Admin.csproj", "{8B15CA05-451B-48B7-9743-F52B84D11A0E}"
EndProject
Project("{2150E333-8FDC-42A3-9474-1A3956D46DE8}") = "01 Core", "01 Core", "{293656BD-AFD1-43EC-B331-7A17AEEDC787}"
EndProject
Project("{2150E333-8FDC-42A3-9474-1A3956D46DE8}") = "02 Models", "02 Models", "{8B963A92-F247-4300-AC5C-A727A9ABC290}"
EndProject
Project("{2150E333-8FDC-42A3-9474-1A3956D46DE8}") = "03 Repositories", "03 Repositories", "{F519CA8D-C4E4-41E7-A8B2-6D7323C2FA84}"
EndProject
Project("{2150E333-8FDC-42A3-9474-1A3956D46DE8}") = "04 Services", "04 Services", "{F0276CF4-72B1-46E7-B82C-BB10DB23B6A9}"
EndProject
Project("{2150E333-8FDC-42A3-9474-1A3956D46DE8}") = "05 Controllers", "05 Controllers", "{652943F8-0A77-4646-92CA-8391F0CA2BC0}"
EndProject
Global
	GlobalSection(SolutionConfigurationPlatforms) = preSolution
		Debug|Any CPU = Debug|Any CPU
		Release|Any CPU = Release|Any CPU
	EndGlobalSection
	GlobalSection(ProjectConfigurationPlatforms) = postSolution
		{92CB459E-F731-46B3-B051-CDDB1DAFB784}.Debug|Any CPU.ActiveCfg = Debug|Any CPU
		{92CB459E-F731-46B3-B051-CDDB1DAFB784}.Debug|Any CPU.Build.0 = Debug|Any CPU
		{92CB459E-F731-46B3-B051-CDDB1DAFB784}.Release|Any CPU.ActiveCfg = Release|Any CPU
		{92CB459E-F731-46B3-B051-CDDB1DAFB784}.Release|Any CPU.Build.0 = Release|Any CPU
		{61268CFF-7A3D-432A-A354-AF7057199A38}.Debug|Any CPU.ActiveCfg = Debug|Any CPU
		{61268CFF-7A3D-432A-A354-AF7057199A38}.Debug|Any CPU.Build.0 = Debug|Any CPU
		{61268CFF-7A3D-432A-A354-AF7057199A38}.Release|Any CPU.ActiveCfg = Release|Any CPU
		{61268CFF-7A3D-432A-A354-AF7057199A38}.Release|Any CPU.Build.0 = Release|Any CPU
		{4C059F7A-B163-4F4E-BA2F-5EAB3CD7D176}.Debug|Any CPU.ActiveCfg = Debug|Any CPU
		{4C059F7A-B163-4F4E-BA2F-5EAB3CD7D176}.Debug|Any CPU.Build.0 = Debug|Any CPU
		{4C059F7A-B163-4F4E-BA2F-5EAB3CD7D176}.Release|Any CPU.ActiveCfg = Release|Any CPU
		{4C059F7A-B163-4F4E-BA2F-5EAB3CD7D176}.Release|Any CPU.Build.0 = Release|Any CPU
		{36CA73A0-FD48-4F6E-948B-7ADEDB5661FD}.Debug|Any CPU.ActiveCfg = Debug|Any CPU
		{36CA73A0-FD48-4F6E-948B-7ADEDB5661FD}.Debug|Any CPU.Build.0 = Debug|Any CPU
		{36CA73A0-FD48-4F6E-948B-7ADEDB5661FD}.Release|Any CPU.ActiveCfg = Release|Any CPU
		{36CA73A0-FD48-4F6E-948B-7ADEDB5661FD}.Release|Any CPU.Build.0 = Release|Any CPU
		{511D2937-BF2F-4A27-BB47-651C6D17B696}.Debug|Any CPU.ActiveCfg = Debug|Any CPU
		{511D2937-BF2F-4A27-BB47-651C6D17B696}.Debug|Any CPU.Build.0 = Debug|Any CPU
		{511D2937-BF2F-4A27-BB47-651C6D17B696}.Release|Any CPU.ActiveCfg = Release|Any CPU
		{511D2937-BF2F-4A27-BB47-651C6D17B696}.Release|Any CPU.Build.0 = Release|Any CPU
		{BBD34F58-B882-491A-9F86-6B82C81D14B7}.Debug|Any CPU.ActiveCfg = Debug|Any CPU
		{BBD34F58-B882-491A-9F86-6B82C81D14B7}.Debug|Any CPU.Build.0 = Debug|Any CPU
		{BBD34F58-B882-491A-9F86-6B82C81D14B7}.Release|Any CPU.ActiveCfg = Release|Any CPU
		{BBD34F58-B882-491A-9F86-6B82C81D14B7}.Release|Any CPU.Build.0 = Release|Any CPU
		{6080D381-1BF2-466D-B9B8-E219ADB7A653}.Debug|Any CPU.ActiveCfg = Debug|Any CPU
		{6080D381-1BF2-466D-B9B8-E219ADB7A653}.Debug|Any CPU.Build.0 = Debug|Any CPU
		{6080D381-1BF2-466D-B9B8-E219ADB7A653}.Release|Any CPU.ActiveCfg = Release|Any CPU
		{6080D381-1BF2-466D-B9B8-E219ADB7A653}.Release|Any CPU.Build.0 = Release|Any CPU
		{055B494A-FD03-4E15-8C8C-66F8A30FBB23}.Debug|Any CPU.ActiveCfg = Debug|Any CPU
		{055B494A-FD03-4E15-8C8C-66F8A30FBB23}.Debug|Any CPU.Build.0 = Debug|Any CPU
		{055B494A-FD03-4E15-8C8C-66F8A30FBB23}.Release|Any CPU.ActiveCfg = Release|Any CPU
		{055B494A-FD03-4E15-8C8C-66F8A30FBB23}.Release|Any CPU.Build.0 = Release|Any CPU
		{22F61C61-7058-4E46-84F2-B9051BF43301}.Debug|Any CPU.ActiveCfg = Debug|Any CPU
		{22F61C61-7058-4E46-84F2-B9051BF43301}.Debug|Any CPU.Build.0 = Debug|Any CPU
		{22F61C61-7058-4E46-84F2-B9051BF43301}.Release|Any CPU.ActiveCfg = Release|Any CPU
		{22F61C61-7058-4E46-84F2-B9051BF43301}.Release|Any CPU.Build.0 = Release|Any CPU
		{75115D8B-54E2-438B-9BC5-0D2D67734D18}.Debug|Any CPU.ActiveCfg = Debug|Any CPU
		{75115D8B-54E2-438B-9BC5-0D2D67734D18}.Debug|Any CPU.Build.0 = Debug|Any CPU
		{75115D8B-54E2-438B-9BC5-0D2D67734D18}.Release|Any CPU.ActiveCfg = Release|Any CPU
		{75115D8B-54E2-438B-9BC5-0D2D67734D18}.Release|Any CPU.Build.0 = Release|Any CPU
		{8B15CA05-451B-48B7-9743-F52B84D11A0E}.Debug|Any CPU.ActiveCfg = Debug|Any CPU
		{8B15CA05-451B-48B7-9743-F52B84D11A0E}.Debug|Any CPU.Build.0 = Debug|Any CPU
		{8B15CA05-451B-48B7-9743-F52B84D11A0E}.Release|Any CPU.ActiveCfg = Release|Any CPU
		{8B15CA05-451B-48B7-9743-F52B84D11A0E}.Release|Any CPU.Build.0 = Release|Any CPU
	EndGlobalSection
	GlobalSection(SolutionProperties) = preSolution
		HideSolutionNode = FALSE
	EndGlobalSection
	GlobalSection(NestedProjects) = preSolution
		{61268CFF-7A3D-432A-A354-AF7057199A38} = {652943F8-0A77-4646-92CA-8391F0CA2BC0}
		{4C059F7A-B163-4F4E-BA2F-5EAB3CD7D176} = {652943F8-0A77-4646-92CA-8391F0CA2BC0}
		{36CA73A0-FD48-4F6E-948B-7ADEDB5661FD} = {293656BD-AFD1-43EC-B331-7A17AEEDC787}
		{511D2937-BF2F-4A27-BB47-651C6D17B696} = {293656BD-AFD1-43EC-B331-7A17AEEDC787}
		{BBD34F58-B882-491A-9F86-6B82C81D14B7} = {293656BD-AFD1-43EC-B331-7A17AEEDC787}
		{6080D381-1BF2-466D-B9B8-E219ADB7A653} = {8B963A92-F247-4300-AC5C-A727A9ABC290}
		{055B494A-FD03-4E15-8C8C-66F8A30FBB23} = {F519CA8D-C4E4-41E7-A8B2-6D7323C2FA84}
		{22F61C61-7058-4E46-84F2-B9051BF43301} = {F519CA8D-C4E4-41E7-A8B2-6D7323C2FA84}
		{75115D8B-54E2-438B-9BC5-0D2D67734D18} = {F0276CF4-72B1-46E7-B82C-BB10DB23B6A9}
		{8B15CA05-451B-48B7-9743-F52B84D11A0E} = {F0276CF4-72B1-46E7-B82C-BB10DB23B6A9}
	EndGlobalSection
	GlobalSection(ExtensibilityGlobals) = postSolution
		SolutionGuid = {202837CB-77C6-4AF0-B060-81725D65B465}
	EndGlobalSection
EndGlobal
